
Microsoft Visual Studio Solution File, Format Version 12.00
# Visual Studio Version 17
VisualStudioVersion = 17.1.32407.343
MinimumVisualStudioVersion = 10.0.40219.1
Project("{FAE04EC0-301F-11D3-BF4B-00C04F79EFBC}") = "PieskowyTinder", "PieskowyTinder\PieskowyTinder.csproj", "{C191F492-B41D-45AB-8311-BCBCFEE92572}"
EndProject
Global
	GlobalSection(SolutionConfigurationPlatforms) = preSolution
		Debug|Any CPU = Debug|Any CPU
		Release|Any CPU = Release|Any CPU
	EndGlobalSection
	GlobalSection(ProjectConfigurationPlatforms) = postSolution
		{C191F492-B41D-45AB-8311-BCBCFEE92572}.Debug|Any CPU.ActiveCfg = Debug|Any CPU
		{C191F492-B41D-45AB-8311-BCBCFEE92572}.Debug|Any CPU.Build.0 = Debug|Any CPU
		{C191F492-B41D-45AB-8311-BCBCFEE92572}.Release|Any CPU.ActiveCfg = Release|Any CPU
		{C191F492-B41D-45AB-8311-BCBCFEE92572}.Release|Any CPU.Build.0 = Release|Any CPU
	EndGlobalSection
	GlobalSection(SolutionProperties) = preSolution
		HideSolutionNode = FALSE
	EndGlobalSection
	GlobalSection(ExtensibilityGlobals) = postSolution
		SolutionGuid = {EE0B2103-8791-4A5F-813B-B78130B51CB5}
	EndGlobalSection
EndGlobal
